{
  "requires": true,
  "lockfileVersion": 1,
  "dependencies": {
    "@types/angular": {
      "version": "1.6.41",
      "resolved": "https://registry.npmjs.org/@types/angular/-/angular-1.6.41.tgz",
      "integrity": "sha512-vz/XXRb3XM7YCAFdgVba4eXr4yb6TjoLkMNNqtEF7Ket7vR6jP2dp4cmBHVvNMMjXHYydzzLP6AAEhZFOqMhCA=="
    },
    "ng-table": {
      "version": "3.0.1",
      "resolved": "https://registry.npmjs.org/ng-table/-/ng-table-3.0.1.tgz",
      "integrity": "sha1-4O+liIfPQYBct5c4FNpQnd24k2g=",
      "requires": {
        "@types/angular": "1.6.41"
      }
    }
  }
}
